// !$*UTF8*$!
{
	archiveVersion = 1;
	classes = {
	};
	objectVersion = 46;
	objects = {

/* Begin PBXBuildFile section */
		D4691F291E01D84D00C7022C /* AppDelegate.swift in Sources */ = {isa = PBXBuildFile; fileRef = D4691F281E01D84D00C7022C /* AppDelegate.swift */; };
		D4691F2B1E01D84D00C7022C /* ViewController.swift in Sources */ = {isa = PBXBuildFile; fileRef = D4691F2A1E01D84D00C7022C /* ViewController.swift */; };
		D4691F2E1E01D84D00C7022C /* Main.storyboard in Resources */ = {isa = PBXBuildFile; fileRef = D4691F2C1E01D84D00C7022C /* Main.storyboard */; };
		D4691F311E01D84D00C7022C /* DoItRightNow_.xcdatamodeld in Sources */ = {isa = PBXBuildFile; fileRef = D4691F2F1E01D84D00C7022C /* DoItRightNow_.xcdatamodeld */; };
		D4691F331E01D84D00C7022C /* Assets.xcassets in Resources */ = {isa = PBXBuildFile; fileRef = D4691F321E01D84D00C7022C /* Assets.xcassets */; };
		D4691F361E01D84D00C7022C /* LaunchScreen.storyboard in Resources */ = {isa = PBXBuildFile; fileRef = D4691F341E01D84D00C7022C /* LaunchScreen.storyboard */; };
/* End PBXBuildFile section */

/* Begin PBXFileReference section */
		D4691F251E01D84D00C7022C /* DoItRightNow!.app */ = {isa = PBXFileReference; explicitFileType = wrapper.application; includeInIndex = 0; path = "DoItRightNow!.app"; sourceTree = BUILT_PRODUCTS_DIR; };
		D4691F281E01D84D00C7022C /* AppDelegate.swift */ = {isa = PBXFileReference; lastKnownFileType = sourcecode.swift; path = AppDelegate.swift; sourceTree = "<group>"; };
		D4691F2A1E01D84D00C7022C /* ViewController.swift */ = {isa = PBXFileReference; lastKnownFileType = sourcecode.swift; path = ViewController.swift; sourceTree = "<group>"; };
		D4691F2D1E01D84D00C7022C /* Base */ = {isa = PBXFileReference; lastKnownFileType = file.storyboard; name = Base; path = Base.lproj/Main.storyboard; sourceTree = "<group>"; };
		D4691F301E01D84D00C7022C /* DoItRightNow_.xcdatamodel */ = {isa = PBXFileReference; lastKnownFileType = wrapper.xcdatamodel; path = DoItRightNow_.xcdatamodel; sourceTree = "<group>"; };
		D4691F321E01D84D00C7022C /* Assets.xcassets */ = {isa = PBXFileReference; lastKnownFileType = folder.assetcatalog; path = Assets.xcassets; sourceTree = "<group>"; };
		D4691F351E01D84D00C7022C /* Base */ = {isa = PBXFileReference; lastKnownFileType = file.storyboard; name = Base; path = Base.lproj/LaunchScreen.storyboard; sourceTree = "<group>"; };
		D4691F371E01D84D00C7022C /* Info.plist */ = {isa = PBXFileReference; lastKnownFileType = text.plist.xml; path = Info.plist; sourceTree = "<group>"; };
/* End PBXFileReference section */

/* Begin PBXFrameworksBuildPhase section */
		D4691F221E01D84D00C7022C /* Frameworks */ = {
			isa = PBXFrameworksBuildPhase;
			buildActionMask = 2147483647;
			files = (
			);
			runOnlyForDeploymentPostprocessing = 0;
		};
/* End PBXFrameworksBuildPhase section */

/* Begin PBXGroup section */
		D4691F1C1E01D84D00C7022C = {
			isa = PBXGroup;
			children = (
				D4691F271E01D84D00C7022C /* DoItRightNow! */,
				D4691F261E01D84D00C7022C /* Products */,
			);
			sourceTree = "<group>";
		};
		D4691F261E01D84D00C7022C /* Products */ = {
			isa = PBXGroup;
			children = (
				D4691F251E01D84D00C7022C /* DoItRightNow!.app */,
			);
			name = Products;
			sourceTree = "<group>";
		};
		D4691F271E01D84D00C7022C /* DoItRightNow! */ = {
			isa = PBXGroup;
			children = (
				D4691F281E01D84D00C7022C /* AppDelegate.swift */,
				D4691F2A1E01D84D00C7022C /* ViewController.swift */,
				D4691F2C1E01D84D00C7022C /* Main.storyboard */,
				D4691F321E01D84D00C7022C /* Assets.xcassets */,
				D4691F341E01D84D00C7022C /* LaunchScreen.storyboard */,
				D4691F371E01D84D00C7022C /* Info.plist */,
				D4691F2F1E01D84D00C7022C /* DoItRightNow_.xcdatamodeld */,
			);
			path = "DoItRightNow!";
			sourceTree = "<group>";
		};
/* End PBXGroup section */

/* Begin PBXNativeTarget section */
		D4691F241E01D84D00C7022C /* DoItRightNow! */ = {
			isa = PBXNativeTarget;
			buildConfigurationList = D4691F3A1E01D84D00C7022C /* Build configuration list for PBXNativeTarget "DoItRightNow!" */;
			buildPhases = (
				D4691F211E01D84D00C7022C /* Sources */,
				D4691F221E01D84D00C7022C /* Frameworks */,
				D4691F231E01D84D00C7022C /* Resources */,
			);
			buildRules = (
			);
			dependencies = (
			);
			name = "DoItRightNow!";
			productName = "DoItRightNow!";
			productReference = D4691F251E01D84D00C7022C /* DoItRightNow!.app */;
			productType = "com.apple.product-type.application";
		};
/* End PBXNativeTarget section */

/* Begin PBXProject section */
		D4691F1D1E01D84D00C7022C /* Project object */ = {
			isa = PBXProject;
			attributes = {
				LastSwiftUpdateCheck = 0800;
				LastUpgradeCheck = 0800;
				ORGANIZATIONNAME = "Developer Warriors";
				TargetAttributes = {
					D4691F241E01D84D00C7022C = {
						CreatedOnToolsVersion = 8.0;
						DevelopmentTeam = 7EZ2W68227;
						ProvisioningStyle = Automatic;
					};
				};
			};
			buildConfigurationList = D4691F201E01D84D00C7022C /* Build configuration list for PBXProject "DoItRightNow!" */;
			compatibilityVersion = "Xcode 3.2";
			developmentRegion = English;
			hasScannedForEncodings = 0;
			knownRegions = (
				en,
				Base,
			);
			mainGroup = D4691F1C1E01D84D00C7022C;
			productRefGroup = D4691F261E01D84D00C7022C /* Products */;
			projectDirPath = "";
			projectRoot = "";
			targets = (
				D4691F241E01D84D00C7022C /* DoItRightNow! */,
			);
		};
/* End PBXProject section */

/* Begin PBXResourcesBuildPhase section */
		D4691F231E01D84D00C7022C /* Resources */ = {
			isa = PBXResourcesBuildPhase;
			buildActionMask = 2147483647;
			files = (
				D4691F361E01D84D00C7022C /* LaunchScreen.storyboard in Resources */,
				D4691F331E01D84D00C7022C /* Assets.xcassets in Resources */,
				D4691F2E1E01D84D00C7022C /* Main.storyboard in Resources */,
			);
			runOnlyForDeploymentPostprocessing = 0;
		};
/* End PBXResourcesBuildPhase section */

/* Begin PBXSourcesBuildPhase section */
		D4691F211E01D84D00C7022C /* Sources */ = {
			isa = PBXSourcesBuildPhase;
			buildActionMask = 2147483647;
			files = (
				D4691F2B1E01D84D00C7022C /* ViewController.swift in Sources */,
				D4691F311E01D84D00C7022C /* DoItRightNow_.xcdatamodeld in Sources */,
				D4691F291E01D84D00C7022C /* AppDelegate.swift in Sources */,
			);
			runOnlyForDeploymentPostprocessing = 0;
		};
/* End PBXSourcesBuildPhase section */

/* Begin PBXVariantGroup section */
		D4691F2C1E01D84D00C7022C /* Main.storyboard */ = {
			isa = PBXVariantGroup;
			children = (
				D4691F2D1E01D84D00C7022C /* Base */,
			);
			name = Main.storyboard;
			sourceTree = "<group>";
		};
		D4691F341E01D84D00C7022C /* LaunchScreen.storyboard */ = {
			isa = PBXVariantGroup;
			children = (
				D4691F351E01D84D00C7022C /* Base */,
			);
			name = LaunchScreen.storyboard;
			sourceTree = "<group>";
		};
/* End PBXVariantGroup section */

/* Begin XCBuildConfiguration section */
		D4691F381E01D84D00C7022C /* Debug */ = {
			isa = XCBuildConfiguration;
			buildSettings = {
				ALWAYS_SEARCH_USER_PATHS = NO;
				CLANG_ANALYZER_NONNULL = YES;
				CLANG_CXX_LANGUAGE_STANDARD = "gnu++0x";
				CLANG_CXX_LIBRARY = "libc++";
				CLANG_ENABLE_MODULES = YES;
				CLANG_ENABLE_OBJC_ARC = YES;
				CLANG_WARN_BOOL_CONVERSION = YES;
				CLANG_WARN_CONSTANT_CONVERSION = YES;
				CLANG_WARN_DIRECT_OBJC_ISA_USAGE = YES_ERROR;
				CLANG_WARN_DOCUMENTATION_COMMENTS = YES;
				CLANG_WARN_EMPTY_BODY = YES;
				CLANG_WARN_ENUM_CONVERSION = YES;
				CLANG_WARN_INFINITE_RECURSION = YES;
				CLANG_WARN_INT_CONVERSION = YES;
				CLANG_WARN_OBJC_ROOT_CLASS = YES_ERROR;
				CLANG_WARN_SUSPICIOUS_MOVES = YES;
				CLANG_WARN_UNREACHABLE_CODE = YES;
				CLANG_WARN__DUPLICATE_METHOD_MATCH = YES;
				"CODE_SIGN_IDENTITY[sdk=iphoneos*]" = "iPhone Developer";
				COPY_PHASE_STRIP = NO;
				DEBUG_INFORMATION_FORMAT = dwarf;
				ENABLE_STRICT_OBJC_MSGSEND = YES;
				ENABLE_TESTABILITY = YES;
				GCC_C_LANGUAGE_STANDARD = gnu99;
				GCC_DYNAMIC_NO_PIC = NO;
				GCC_NO_COMMON_BLOCKS = YES;
				GCC_OPTIMIZATION_LEVEL = 0;
				GCC_PREPROCESSOR_DEFINITIONS = (
					"DEBUG=1",
					"$(inherited)",
				);
				GCC_WARN_64_TO_32_BIT_CONVERSION = YES;
				GCC_WARN_ABOUT_RETURN_TYPE = YES_ERROR;
				GCC_WARN_UNDECLARED_SELECTOR = YES;
				GCC_WARN_UNINITIALIZED_AUTOS = YES_AGGRESSIVE;
				GCC_WARN_UNUSED_FUNCTION = YES;
				GCC_WARN_UNUSED_VARIABLE = YES;
				IPHONEOS_DEPLOYMENT_TARGET = 10.0;
				MTL_ENABLE_DEBUG_INFO = YES;
				ONLY_ACTIVE_ARCH = YES;
				SDKROOT = iphoneos;
				SWIFT_ACTIVE_COMPILATION_CONDITIONS = DEBUG;
				SWIFT_OPTIMIZATION_LEVEL = "-Onone";
				TARGETED_DEVICE_FAMILY = "1,2";
			};
			name = Debug;
		};
		D4691F391E01D84D00C7022C /* Release */ = {
			isa = XCBuildConfiguration;
			buildSettings = {
				ALWAYS_SEARCH_USER_PATHS = NO;
				CLANG_ANALYZER_NONNULL = YES;
				CLANG_CXX_LANGUAGE_STANDARD = "gnu++0x";
				CLANG_CXX_LIBRARY = "libc++";
				CLANG_ENABLE_MODULES = YES;
				CLANG_ENABLE_OBJC_ARC = YES;
				CLANG_WARN_BOOL_CONVERSION = YES;
				CLANG_WARN_CONSTANT_CONVERSION = YES;
				CLANG_WARN_DIRECT_OBJC_ISA_USAGE = YES_ERROR;
				CLANG_WARN_DOCUMENTATION_COMMENTS = YES;
				CLANG_WARN_EMPTY_BODY = YES;
				CLANG_WARN_ENUM_CONVERSION = YES;
				CLANG_WARN_INFINITE_RECURSION = YES;
				CLANG_WARN_INT_CONVERSION = YES;
				CLANG_WARN_OBJC_ROOT_CLASS = YES_ERROR;
				CLANG_WARN_SUSPICIOUS_MOVES = YES;
				CLANG_WARN_UNREACHABLE_CODE = YES;
				CLANG_WARN__DUPLICATE_METHOD_MATCH = YES;
				"CODE_SIGN_IDENTITY[sdk=iphoneos*]" = "iPhone Developer";
				COPY_PHASE_STRIP = NO;
				DEBUG_INFORMATION_FORMAT = "dwarf-with-dsym";
				ENABLE_NS_ASSERTIONS = NO;
				ENABLE_STRICT_OBJC_MSGSEND = YES;
				GCC_C_LANGUAGE_STANDARD = gnu99;
				GCC_NO_COMMON_BLOCKS = YES;
				GCC_WARN_64_TO_32_BIT_CONVERSION = YES;
				GCC_WARN_ABOUT_RETURN_TYPE = YES_ERROR;
				GCC_WARN_UNDECLARED_SELECTOR = YES;
				GCC_WARN_UNINITIALIZED_AUTOS = YES_AGGRESSIVE;
				GCC_WARN_UNUSED_FUNCTION = YES;
				GCC_WARN_UNUSED_VARIABLE = YES;
				IPHONEOS_DEPLOYMENT_TARGET = 10.0;
				MTL_ENABLE_DEBUG_INFO = NO;
				SDKROOT = iphoneos;
				SWIFT_OPTIMIZATION_LEVEL = "-Owholemodule";
				TARGETED_DEVICE_FAMILY = "1,2";
				VALIDATE_PRODUCT = YES;
			};
			name = Release;
		};
		D4691F3B1E01D84D00C7022C /* Debug */ = {
			isa = XCBuildConfiguration;
			buildSettings = {
				ASSETCATALOG_COMPILER_APPICON_NAME = AppIcon;
				DEVELOPMENT_TEAM = 7EZ2W68227;
				INFOPLIST_FILE = "DoItRightNow!/Info.plist";
				LD_RUNPATH_SEARCH_PATHS = "$(inherited) @executable_path/Frameworks";
				PRODUCT_BUNDLE_IDENTIFIER = "com.developerwarriors.DoItRightNow-";
				PRODUCT_NAME = "$(TARGET_NAME)";
				SWIFT_VERSION = 3.0;
			};
			name = Debug;
		};
		D4691F3C1E01D84D00C7022C /* Release */ = {
			isa = XCBuildConfiguration;
			buildSettings = {
				ASSETCATALOG_COMPILER_APPICON_NAME = AppIcon;
				DEVELOPMENT_TEAM = 7EZ2W68227;
				INFOPLIST_FILE = "DoItRightNow!/Info.plist";
				LD_RUNPATH_SEARCH_PATHS = "$(inherited) @executable_path/Frameworks";
				PRODUCT_BUNDLE_IDENTIFIER = "com.developerwarriors.DoItRightNow-";
				PRODUCT_NAME = "$(TARGET_NAME)";
				SWIFT_VERSION = 3.0;
			};
			name = Release;
		};
/* End XCBuildConfiguration section */

/* Begin XCConfigurationList section */
		D4691F201E01D84D00C7022C /* Build configuration list for PBXProject "DoItRightNow!" */ = {
			isa = XCConfigurationList;
			buildConfigurations = (
				D4691F381E01D84D00C7022C /* Debug */,
				D4691F391E01D84D00C7022C /* Release */,
			);
			defaultConfigurationIsVisible = 0;
			defaultConfigurationName = Release;
		};
		D4691F3A1E01D84D00C7022C /* Build configuration list for PBXNativeTarget "DoItRightNow!" */ = {
			isa = XCConfigurationList;
			buildConfigurations = (
				D4691F3B1E01D84D00C7022C /* Debug */,
				D4691F3C1E01D84D00C7022C /* Release */,
			);
			defaultConfigurationIsVisible = 0;
		};
/* End XCConfigurationList section */

/* Begin XCVersionGroup section */
		D4691F2F1E01D84D00C7022C /* DoItRightNow_.xcdatamodeld */ = {
			isa = XCVersionGroup;
			children = (
				D4691F301E01D84D00C7022C /* DoItRightNow_.xcdatamodel */,
			);
			currentVersion = D4691F301E01D84D00C7022C /* DoItRightNow_.xcdatamodel */;
			path = DoItRightNow_.xcdatamodeld;
			sourceTree = "<group>";
			versionGroupType = wrapper.xcdatamodel;
		};
/* End XCVersionGroup section */
	};
	rootObject = D4691F1D1E01D84D00C7022C /* Project object */;
}
